PODS:
  - fk_user_agent (2.0.0):
    - Flutter
  - Flutter (1.0.0)

DEPENDENCIES:
  - fk_user_agent (from `.symlinks/plugins/fk_user_agent/ios`)
  - Flutter (from `Flutter`)

EXTERNAL SOURCES:
  fk_user_agent:
    :path: ".symlinks/plugins/fk_user_agent/ios"
  Flutter:
    :path: Flutter

SPEC CHECKSUMS:
  fk_user_agent: 1f47ec39291e8372b1d692b50084b0d54103c545
  Flutter: 434fef37c0980e73bb6479ef766c45957d4b510c

PODFILE CHECKSUM: 8e679eca47255a8ca8067c4c67aab20e64cb974d

COCOAPODS: 1.10.1
